
Microsoft Visual Studio Solution File, Format Version 12.00
# Visual Studio Version 16
VisualStudioVersion = 16.0.34031.81
MinimumVisualStudioVersion = 10.0.40219.1
Project("{FAE04EC0-301F-11D3-BF4B-00C04F79EFBC}") = "SampleJenkins", "SampleJenkins\SampleJenkins.csproj", "{5E8C9ACD-ACAA-4BFF-93EE-5C2149D82295}"
EndProject
Project("{2150E333-8FDC-42A3-9474-1A3956D46DE8}") = "Solution Items", "Solution Items", "{4564C16E-3FFD-42F2-9150-2128C47E5515}"
	ProjectSection(SolutionItems) = preProject
		Jenkinsfile.txt = Jenkinsfile.txt
	EndProjectSection
EndProject
Global
	GlobalSection(SolutionConfigurationPlatforms) = preSolution
		Debug|Any CPU = Debug|Any CPU
		Release|Any CPU = Release|Any CPU
	EndGlobalSection
	GlobalSection(ProjectConfigurationPlatforms) = postSolution
		{5E8C9ACD-ACAA-4BFF-93EE-5C2149D82295}.Debug|Any CPU.ActiveCfg = Debug|Any CPU
		{5E8C9ACD-ACAA-4BFF-93EE-5C2149D82295}.Debug|Any CPU.Build.0 = Debug|Any CPU
		{5E8C9ACD-ACAA-4BFF-93EE-5C2149D82295}.Release|Any CPU.ActiveCfg = Release|Any CPU
		{5E8C9ACD-ACAA-4BFF-93EE-5C2149D82295}.Release|Any CPU.Build.0 = Release|Any CPU
	EndGlobalSection
	GlobalSection(SolutionProperties) = preSolution
		HideSolutionNode = FALSE
	EndGlobalSection
	GlobalSection(ExtensibilityGlobals) = postSolution
		SolutionGuid = {A04E299E-273F-4D54-9662-0FDA95562829}
	EndGlobalSection
EndGlobal
